
Microsoft Visual Studio Solution File, Format Version 12.00
# Visual Studio Version 17
VisualStudioVersion = 17.5.33627.172
MinimumVisualStudioVersion = 10.0.40219.1
Project("{9A19103F-16F7-4668-BE54-9A1E7A4F7556}") = "D100EZNPC", "D100EZNPC.csproj", "{DC06F19B-68FA-41D3-8328-1D84BF33E462}"
EndProject
Project("{9A19103F-16F7-4668-BE54-9A1E7A4F7556}") = "D100EZNPC.Test", "..\D100EZNPC.Test\D100EZNPC.Test.csproj", "{C4653275-159F-45D2-8F0F-F2A372E5C180}"
EndProject
Global
	GlobalSection(SolutionConfigurationPlatforms) = preSolution
		Debug|Any CPU = Debug|Any CPU
		Release|Any CPU = Release|Any CPU
	EndGlobalSection
	GlobalSection(ProjectConfigurationPlatforms) = postSolution
		{DC06F19B-68FA-41D3-8328-1D84BF33E462}.Debug|Any CPU.ActiveCfg = Debug|Any CPU
		{DC06F19B-68FA-41D3-8328-1D84BF33E462}.Debug|Any CPU.Build.0 = Debug|Any CPU
		{DC06F19B-68FA-41D3-8328-1D84BF33E462}.Release|Any CPU.ActiveCfg = Release|Any CPU
		{DC06F19B-68FA-41D3-8328-1D84BF33E462}.Release|Any CPU.Build.0 = Release|Any CPU
		{C4653275-159F-45D2-8F0F-F2A372E5C180}.Debug|Any CPU.ActiveCfg = Debug|Any CPU
		{C4653275-159F-45D2-8F0F-F2A372E5C180}.Debug|Any CPU.Build.0 = Debug|Any CPU
		{C4653275-159F-45D2-8F0F-F2A372E5C180}.Release|Any CPU.ActiveCfg = Release|Any CPU
		{C4653275-159F-45D2-8F0F-F2A372E5C180}.Release|Any CPU.Build.0 = Release|Any CPU
	EndGlobalSection
	GlobalSection(SolutionProperties) = preSolution
		HideSolutionNode = FALSE
	EndGlobalSection
	GlobalSection(ExtensibilityGlobals) = postSolution
		SolutionGuid = {1057E42E-7C73-4A71-B146-B5F8D5AB6647}
	EndGlobalSection
EndGlobal
